{
  "name": "unityshader-intellisence-server",
  "version": "1.0.0",
  "lockfileVersion": 1,
  "requires": true,
  "dependencies": {
    "vscode-jsonrpc": {
      "version": "3.6.2",
      "resolved": "https://registry.npmjs.org/vscode-jsonrpc/-/vscode-jsonrpc-3.6.2.tgz",
      "integrity": "sha512-T24Jb5V48e4VgYliUXMnZ379ItbrXgOimweKaJshD84z+8q7ZOZjJan0MeDe+Ugb+uqERDVV8SBmemaGMSMugA=="
    },
    "vscode-languageserver": {
      "version": "5.0.0",
      "resolved": "https://registry.npmjs.org/vscode-languageserver/-/vscode-languageserver-5.0.0.tgz",
      "integrity": "sha512-t261pm4XZwsFi3P2s/o8nrr8IXbtidt9K8Vregdkyhcg5du1M9btLBLNoP4zxKVrfD/jMdHJIoaYAV44sVkHKg==",
      "requires": {
        "vscode-languageserver-protocol": "^3.10.3",
        "vscode-uri": "^1.0.5"
      }
    },
    "vscode-languageserver-protocol": {
      "version": "3.10.3",
      "resolved": "https://registry.npmjs.org/vscode-languageserver-protocol/-/vscode-languageserver-protocol-3.10.3.tgz",
      "integrity": "sha512-R9hKsmXmpIXBLpy6I0eztfAcWU0KHr1lADJiJq+VCmdiHGVUJugMIvU6qVCzLP9wRtZ02AF98j09NAKq10hWeQ==",
      "requires": {
        "vscode-jsonrpc": "^3.6.2",
        "vscode-languageserver-types": "^3.10.1"
      }
    },
    "vscode-languageserver-types": {
      "version": "3.10.1",
      "resolved": "https://registry.npmjs.org/vscode-languageserver-types/-/vscode-languageserver-types-3.10.1.tgz",
      "integrity": "sha512-HeQ1BPYJDly4HfKs0h2TUAZyHfzTAhgQsCwsa1tW9PhuvGGsd2r3Q53FFVugwP7/2bUv3GWPoTgAuIAkIdBc4w=="
    },
    "vscode-uri": {
      "version": "1.0.6",
      "resolved": "https://registry.npmjs.org/vscode-uri/-/vscode-uri-1.0.6.tgz",
      "integrity": "sha512-sLI2L0uGov3wKVb9EB+vIQBl9tVP90nqRvxSoJ35vI3NjxE8jfsE5DSOhWgSunHSZmKS4OCi2jrtfxK7uyp2ww=="
    }
  }
}
